
Microsoft Visual Studio Solution File, Format Version 12.00
# Visual Studio Version 16
VisualStudioVersion = 16.0.30611.23
MinimumVisualStudioVersion = 10.0.40219.1
Project("{FAE04EC0-301F-11D3-BF4B-00C04F79EFBC}") = "ExcelExport", "ExcelExport.csproj", "{B8D4CCEC-06F3-4A89-96A7-3039758A2F69}"
EndProject
Global
	GlobalSection(SolutionConfigurationPlatforms) = preSolution
		Debug|Any CPU = Debug|Any CPU
		Release|Any CPU = Release|Any CPU
	EndGlobalSection
	GlobalSection(ProjectConfigurationPlatforms) = postSolution
		{B8D4CCEC-06F3-4A89-96A7-3039758A2F69}.Debug|Any CPU.ActiveCfg = Debug|Any CPU
		{B8D4CCEC-06F3-4A89-96A7-3039758A2F69}.Debug|Any CPU.Build.0 = Debug|Any CPU
		{B8D4CCEC-06F3-4A89-96A7-3039758A2F69}.Release|Any CPU.ActiveCfg = Release|Any CPU
		{B8D4CCEC-06F3-4A89-96A7-3039758A2F69}.Release|Any CPU.Build.0 = Release|Any CPU
	EndGlobalSection
	GlobalSection(SolutionProperties) = preSolution
		HideSolutionNode = FALSE
	EndGlobalSection
	GlobalSection(ExtensibilityGlobals) = postSolution
		SolutionGuid = {C7FAA155-2F55-4DB5-BB09-2FED63E0AE4F}
	EndGlobalSection
EndGlobal
